// !$*UTF8*$!
{
	archiveVersion = 1;
	classes = {
	};
	objectVersion = 46;
	objects = {

/* Begin PBXBuildFile section */
		9B280BF6139739AC00287BCD /* UIKit.framework in Frameworks */ = {isa = PBXBuildFile; fileRef = 9B280BF5139739AC00287BCD /* UIKit.framework */; };
		9B280BF8139739AC00287BCD /* Foundation.framework in Frameworks */ = {isa = PBXBuildFile; fileRef = 9B280BF7139739AC00287BCD /* Foundation.framework */; };
		9B280BFA139739AC00287BCD /* CoreGraphics.framework in Frameworks */ = {isa = PBXBuildFile; fileRef = 9B280BF9139739AC00287BCD /* CoreGraphics.framework */; };
		9B280C00139739AC00287BCD /* InfoPlist.strings in Resources */ = {isa = PBXBuildFile; fileRef = 9B280BFE139739AC00287BCD /* InfoPlist.strings */; };
		9B280C03139739AC00287BCD /* main.m in Sources */ = {isa = PBXBuildFile; fileRef = 9B280C02139739AC00287BCD /* main.m */; };
		9B280C06139739AC00287BCD /* CodeStockFeedsAppDelegate.m in Sources */ = {isa = PBXBuildFile; fileRef = 9B280C05139739AC00287BCD /* CodeStockFeedsAppDelegate.m */; };
		9B280C09139739AC00287BCD /* MainWindow.xib in Resources */ = {isa = PBXBuildFile; fileRef = 9B280C07139739AC00287BCD /* MainWindow.xib */; };
		9B280C0C139739AC00287BCD /* FirstViewController.m in Sources */ = {isa = PBXBuildFile; fileRef = 9B280C0B139739AC00287BCD /* FirstViewController.m */; };
		9B280C0F139739AC00287BCD /* SecondViewController.m in Sources */ = {isa = PBXBuildFile; fileRef = 9B280C0E139739AC00287BCD /* SecondViewController.m */; };
		9B280C12139739AC00287BCD /* FirstView.xib in Resources */ = {isa = PBXBuildFile; fileRef = 9B280C10139739AC00287BCD /* FirstView.xib */; };
		9B280C15139739AC00287BCD /* SecondView.xib in Resources */ = {isa = PBXBuildFile; fileRef = 9B280C13139739AC00287BCD /* SecondView.xib */; };
/* End PBXBuildFile section */

/* Begin PBXFileReference section */
		9B280BF1139739AC00287BCD /* CodeStockFeeds.app */ = {isa = PBXFileReference; explicitFileType = wrapper.application; includeInIndex = 0; path = CodeStockFeeds.app; sourceTree = BUILT_PRODUCTS_DIR; };
		9B280BF5139739AC00287BCD /* UIKit.framework */ = {isa = PBXFileReference; lastKnownFileType = wrapper.framework; name = UIKit.framework; path = System/Library/Frameworks/UIKit.framework; sourceTree = SDKROOT; };
		9B280BF7139739AC00287BCD /* Foundation.framework */ = {isa = PBXFileReference; lastKnownFileType = wrapper.framework; name = Foundation.framework; path = System/Library/Frameworks/Foundation.framework; sourceTree = SDKROOT; };
		9B280BF9139739AC00287BCD /* CoreGraphics.framework */ = {isa = PBXFileReference; lastKnownFileType = wrapper.framework; name = CoreGraphics.framework; path = System/Library/Frameworks/CoreGraphics.framework; sourceTree = SDKROOT; };
		9B280BFD139739AC00287BCD /* CodeStockFeeds-Info.plist */ = {isa = PBXFileReference; lastKnownFileType = text.plist.xml; path = "CodeStockFeeds-Info.plist"; sourceTree = "<group>"; };
		9B280BFF139739AC00287BCD /* en */ = {isa = PBXFileReference; lastKnownFileType = text.plist.strings; name = en; path = en.lproj/InfoPlist.strings; sourceTree = "<group>"; };
		9B280C01139739AC00287BCD /* CodeStockFeeds-Prefix.pch */ = {isa = PBXFileReference; lastKnownFileType = sourcecode.c.h; path = "CodeStockFeeds-Prefix.pch"; sourceTree = "<group>"; };
		9B280C02139739AC00287BCD /* main.m */ = {isa = PBXFileReference; lastKnownFileType = sourcecode.c.objc; path = main.m; sourceTree = "<group>"; };
		9B280C04139739AC00287BCD /* CodeStockFeedsAppDelegate.h */ = {isa = PBXFileReference; lastKnownFileType = sourcecode.c.h; path = CodeStockFeedsAppDelegate.h; sourceTree = "<group>"; };
		9B280C05139739AC00287BCD /* CodeStockFeedsAppDelegate.m */ = {isa = PBXFileReference; lastKnownFileType = sourcecode.c.objc; path = CodeStockFeedsAppDelegate.m; sourceTree = "<group>"; };
		9B280C08139739AC00287BCD /* en */ = {isa = PBXFileReference; lastKnownFileType = file.xib; name = en; path = en.lproj/MainWindow.xib; sourceTree = "<group>"; };
		9B280C0A139739AC00287BCD /* FirstViewController.h */ = {isa = PBXFileReference; lastKnownFileType = sourcecode.c.h; path = FirstViewController.h; sourceTree = "<group>"; };
		9B280C0B139739AC00287BCD /* FirstViewController.m */ = {isa = PBXFileReference; lastKnownFileType = sourcecode.c.objc; path = FirstViewController.m; sourceTree = "<group>"; };
		9B280C0D139739AC00287BCD /* SecondViewController.h */ = {isa = PBXFileReference; lastKnownFileType = sourcecode.c.h; path = SecondViewController.h; sourceTree = "<group>"; };
		9B280C0E139739AC00287BCD /* SecondViewController.m */ = {isa = PBXFileReference; lastKnownFileType = sourcecode.c.objc; path = SecondViewController.m; sourceTree = "<group>"; };
		9B280C11139739AC00287BCD /* en */ = {isa = PBXFileReference; lastKnownFileType = file.xib; name = en; path = en.lproj/FirstView.xib; sourceTree = "<group>"; };
		9B280C14139739AC00287BCD /* en */ = {isa = PBXFileReference; lastKnownFileType = file.xib; name = en; path = en.lproj/SecondView.xib; sourceTree = "<group>"; };
/* End PBXFileReference section */

/* Begin PBXFrameworksBuildPhase section */
		9B280BEE139739AC00287BCD /* Frameworks */ = {
			isa = PBXFrameworksBuildPhase;
			buildActionMask = 2147483647;
			files = (
				9B280BF6139739AC00287BCD /* UIKit.framework in Frameworks */,
				9B280BF8139739AC00287BCD /* Foundation.framework in Frameworks */,
				9B280BFA139739AC00287BCD /* CoreGraphics.framework in Frameworks */,
			);
			runOnlyForDeploymentPostprocessing = 0;
		};
/* End PBXFrameworksBuildPhase section */

/* Begin PBXGroup section */
		9B280BE6139739AC00287BCD = {
			isa = PBXGroup;
			children = (
				9B280BFB139739AC00287BCD /* CodeStockFeeds */,
				9B280BF4139739AC00287BCD /* Frameworks */,
				9B280BF2139739AC00287BCD /* Products */,
			);
			sourceTree = "<group>";
		};
		9B280BF2139739AC00287BCD /* Products */ = {
			isa = PBXGroup;
			children = (
				9B280BF1139739AC00287BCD /* CodeStockFeeds.app */,
			);
			name = Products;
			sourceTree = "<group>";
		};
		9B280BF4139739AC00287BCD /* Frameworks */ = {
			isa = PBXGroup;
			children = (
				9B280BF5139739AC00287BCD /* UIKit.framework */,
				9B280BF7139739AC00287BCD /* Foundation.framework */,
				9B280BF9139739AC00287BCD /* CoreGraphics.framework */,
			);
			name = Frameworks;
			sourceTree = "<group>";
		};
		9B280BFB139739AC00287BCD /* CodeStockFeeds */ = {
			isa = PBXGroup;
			children = (
				9B280C04139739AC00287BCD /* CodeStockFeedsAppDelegate.h */,
				9B280C05139739AC00287BCD /* CodeStockFeedsAppDelegate.m */,
				9B280C07139739AC00287BCD /* MainWindow.xib */,
				9B280C0A139739AC00287BCD /* FirstViewController.h */,
				9B280C0B139739AC00287BCD /* FirstViewController.m */,
				9B280C0D139739AC00287BCD /* SecondViewController.h */,
				9B280C0E139739AC00287BCD /* SecondViewController.m */,
				9B280C10139739AC00287BCD /* FirstView.xib */,
				9B280C13139739AC00287BCD /* SecondView.xib */,
				9B280BFC139739AC00287BCD /* Supporting Files */,
			);
			path = CodeStockFeeds;
			sourceTree = "<group>";
		};
		9B280BFC139739AC00287BCD /* Supporting Files */ = {
			isa = PBXGroup;
			children = (
				9B280BFD139739AC00287BCD /* CodeStockFeeds-Info.plist */,
				9B280BFE139739AC00287BCD /* InfoPlist.strings */,
				9B280C01139739AC00287BCD /* CodeStockFeeds-Prefix.pch */,
				9B280C02139739AC00287BCD /* main.m */,
			);
			name = "Supporting Files";
			sourceTree = "<group>";
		};
/* End PBXGroup section */

/* Begin PBXNativeTarget section */
		9B280BF0139739AC00287BCD /* CodeStockFeeds */ = {
			isa = PBXNativeTarget;
			buildConfigurationList = 9B280C18139739AC00287BCD /* Build configuration list for PBXNativeTarget "CodeStockFeeds" */;
			buildPhases = (
				9B280BED139739AC00287BCD /* Sources */,
				9B280BEE139739AC00287BCD /* Frameworks */,
				9B280BEF139739AC00287BCD /* Resources */,
			);
			buildRules = (
			);
			dependencies = (
			);
			name = CodeStockFeeds;
			productName = CodeStockFeeds;
			productReference = 9B280BF1139739AC00287BCD /* CodeStockFeeds.app */;
			productType = "com.apple.product-type.application";
		};
/* End PBXNativeTarget section */

/* Begin PBXProject section */
		9B280BE8139739AC00287BCD /* Project object */ = {
			isa = PBXProject;
			attributes = {
				ORGANIZATIONNAME = "Firefly Logic";
			};
			buildConfigurationList = 9B280BEB139739AC00287BCD /* Build configuration list for PBXProject "CodeStockFeeds" */;
			compatibilityVersion = "Xcode 3.2";
			developmentRegion = English;
			hasScannedForEncodings = 0;
			knownRegions = (
				en,
			);
			mainGroup = 9B280BE6139739AC00287BCD;
			productRefGroup = 9B280BF2139739AC00287BCD /* Products */;
			projectDirPath = "";
			projectRoot = "";
			targets = (
				9B280BF0139739AC00287BCD /* CodeStockFeeds */,
			);
		};
/* End PBXProject section */

/* Begin PBXResourcesBuildPhase section */
		9B280BEF139739AC00287BCD /* Resources */ = {
			isa = PBXResourcesBuildPhase;
			buildActionMask = 2147483647;
			files = (
				9B280C00139739AC00287BCD /* InfoPlist.strings in Resources */,
				9B280C09139739AC00287BCD /* MainWindow.xib in Resources */,
				9B280C12139739AC00287BCD /* FirstView.xib in Resources */,
				9B280C15139739AC00287BCD /* SecondView.xib in Resources */,
			);
			runOnlyForDeploymentPostprocessing = 0;
		};
/* End PBXResourcesBuildPhase section */

/* Begin PBXSourcesBuildPhase section */
		9B280BED139739AC00287BCD /* Sources */ = {
			isa = PBXSourcesBuildPhase;
			buildActionMask = 2147483647;
			files = (
				9B280C03139739AC00287BCD /* main.m in Sources */,
				9B280C06139739AC00287BCD /* CodeStockFeedsAppDelegate.m in Sources */,
				9B280C0C139739AC00287BCD /* FirstViewController.m in Sources */,
				9B280C0F139739AC00287BCD /* SecondViewController.m in Sources */,
			);
			runOnlyForDeploymentPostprocessing = 0;
		};
/* End PBXSourcesBuildPhase section */

/* Begin PBXVariantGroup section */
		9B280BFE139739AC00287BCD /* InfoPlist.strings */ = {
			isa = PBXVariantGroup;
			children = (
				9B280BFF139739AC00287BCD /* en */,
			);
			name = InfoPlist.strings;
			sourceTree = "<group>";
		};
		9B280C07139739AC00287BCD /* MainWindow.xib */ = {
			isa = PBXVariantGroup;
			children = (
				9B280C08139739AC00287BCD /* en */,
			);
			name = MainWindow.xib;
			sourceTree = "<group>";
		};
		9B280C10139739AC00287BCD /* FirstView.xib */ = {
			isa = PBXVariantGroup;
			children = (
				9B280C11139739AC00287BCD /* en */,
			);
			name = FirstView.xib;
			sourceTree = "<group>";
		};
		9B280C13139739AC00287BCD /* SecondView.xib */ = {
			isa = PBXVariantGroup;
			children = (
				9B280C14139739AC00287BCD /* en */,
			);
			name = SecondView.xib;
			sourceTree = "<group>";
		};
/* End PBXVariantGroup section */

/* Begin XCBuildConfiguration section */
		9B280C16139739AC00287BCD /* Debug */ = {
			isa = XCBuildConfiguration;
			buildSettings = {
				ARCHS = "$(ARCHS_STANDARD_32_BIT)";
				"CODE_SIGN_IDENTITY[sdk=iphoneos*]" = "iPhone Developer";
				GCC_C_LANGUAGE_STANDARD = gnu99;
				GCC_OPTIMIZATION_LEVEL = 0;
				GCC_PREPROCESSOR_DEFINITIONS = DEBUG;
				GCC_SYMBOLS_PRIVATE_EXTERN = NO;
				GCC_VERSION = com.apple.compilers.llvmgcc42;
				GCC_WARN_ABOUT_RETURN_TYPE = YES;
				GCC_WARN_UNUSED_VARIABLE = YES;
				IPHONEOS_DEPLOYMENT_TARGET = 4.3;
				SDKROOT = iphoneos;
			};
			name = Debug;
		};
		9B280C17139739AC00287BCD /* Release */ = {
			isa = XCBuildConfiguration;
			buildSettings = {
				ARCHS = "$(ARCHS_STANDARD_32_BIT)";
				"CODE_SIGN_IDENTITY[sdk=iphoneos*]" = "iPhone Developer";
				GCC_C_LANGUAGE_STANDARD = gnu99;
				GCC_VERSION = com.apple.compilers.llvmgcc42;
				GCC_WARN_ABOUT_RETURN_TYPE = YES;
				GCC_WARN_UNUSED_VARIABLE = YES;
				IPHONEOS_DEPLOYMENT_TARGET = 4.3;
				OTHER_CFLAGS = "-DNS_BLOCK_ASSERTIONS=1";
				SDKROOT = iphoneos;
			};
			name = Release;
		};
		9B280C19139739AC00287BCD /* Debug */ = {
			isa = XCBuildConfiguration;
			buildSettings = {
				ALWAYS_SEARCH_USER_PATHS = NO;
				COPY_PHASE_STRIP = NO;
				GCC_DYNAMIC_NO_PIC = NO;
				GCC_PRECOMPILE_PREFIX_HEADER = YES;
				GCC_PREFIX_HEADER = "CodeStockFeeds/CodeStockFeeds-Prefix.pch";
				INFOPLIST_FILE = "CodeStockFeeds/CodeStockFeeds-Info.plist";
				PRODUCT_NAME = "$(TARGET_NAME)";
				WRAPPER_EXTENSION = app;
			};
			name = Debug;
		};
		9B280C1A139739AC00287BCD /* Release */ = {
			isa = XCBuildConfiguration;
			buildSettings = {
				ALWAYS_SEARCH_USER_PATHS = NO;
				COPY_PHASE_STRIP = YES;
				GCC_PRECOMPILE_PREFIX_HEADER = YES;
				GCC_PREFIX_HEADER = "CodeStockFeeds/CodeStockFeeds-Prefix.pch";
				INFOPLIST_FILE = "CodeStockFeeds/CodeStockFeeds-Info.plist";
				PRODUCT_NAME = "$(TARGET_NAME)";
				VALIDATE_PRODUCT = YES;
				WRAPPER_EXTENSION = app;
			};
			name = Release;
		};
/* End XCBuildConfiguration section */

/* Begin XCConfigurationList section */
		9B280BEB139739AC00287BCD /* Build configuration list for PBXProject "CodeStockFeeds" */ = {
			isa = XCConfigurationList;
			buildConfigurations = (
				9B280C16139739AC00287BCD /* Debug */,
				9B280C17139739AC00287BCD /* Release */,
			);
			defaultConfigurationIsVisible = 0;
			defaultConfigurationName = Release;
		};
		9B280C18139739AC00287BCD /* Build configuration list for PBXNativeTarget "CodeStockFeeds" */ = {
			isa = XCConfigurationList;
			buildConfigurations = (
				9B280C19139739AC00287BCD /* Debug */,
				9B280C1A139739AC00287BCD /* Release */,
			);
			defaultConfigurationIsVisible = 0;
		};
/* End XCConfigurationList section */
	};
	rootObject = 9B280BE8139739AC00287BCD /* Project object */;
}
